github.com/aws/aws-sdk-go-v2 v1.20.3 h1:lgeKmAZhlj1JqN43bogrM75spIvYnRxqTAh1iupu1yE=
github.com/aws/aws-sdk-go-v2 v1.20.3/go.mod h1:/RfNgGmRxI+iFOB1OeJUyxiU+9s88k3pfHvDagGEp0M=
github.com/aws/aws-sdk-go-v2/config v1.18.35 h1:uU9rgCzrW/pVRUUlRULiwKQe8RoEDst1NQu4Qo8kOtk=
github.com/aws/aws-sdk-go-v2/config v1.18.35/go.mod h1:7xF1yr9GBMfYRQI4PLHO8iceqKLM6DpGVEvXI38HB/A=
github.com/aws/aws-sdk-go-v2/credentials v1.13.34 h1:/EYG4lzayDd5PY6HQQ2Qyj/cD6CR3kz96BjTZAO5tNo=
github.com/aws/aws-sdk-go-v2/credentials v1.13.34/go.mod h1:+wgdxCGNulHme6kTMZuDL9KOagLPloemoYkfjpQkSEU=
github.com/aws/aws-sdk-go-v2/feature/ec2/imds v1.13.10 h1:mgOrtwYfJZ4e3QJe1TrliC/xIkauafGMdLLuCExOqcs=
github.com/aws/aws-sdk-go-v2/feature/ec2/imds v1.13.10/go.mod h1:wMsSLVM2hRpDVhd+3dtLUzqwm7/fjuhNN+b1aOLDt6g=
github.com/aws/aws-sdk-go-v2/internal/configsources v1.1.40 h1:CXceCS9BrDInRc74GDCQ8Qyk/Gp9VLdK+Rlve+zELSE=
github.com/aws/aws-sdk-go-v2/internal/configsources v1.1.40/go.mod h1:5kKmFhLeOVy6pwPDpDNA6/hK/d6URC98pqDDqHgdBx4=
github.com/aws/aws-sdk-go-v2/internal/endpoints/v2 v2.4.34 h1:B+nZtd22cbko5+793hg7LEaTeLMiZwlgCLUrN5Y0uzg=
github.com/aws/aws-sdk-go-v2/internal/endpoints/v2 v2.4.34/go.mod h1:RZP0scceAyhMIQ9JvFp7HvkpcgqjL4l/4C+7RAeGbuM=
github.com/aws/aws-sdk-go-v2/internal/ini v1.3.41 h1:EcSFdpLdkF3FWizimox0qYLuorn9e4PNMR27mvshGLs=
github.com/aws/aws-sdk-go-v2/internal/ini v1.3.41/go.mod h1:mKxUXW+TuwpCKKHVlmHGVVuBi9y9LKW8AiQodg23M5E=
github.com/aws/aws-sdk-go-v2/service/cloudwatchlogs v1.23.4 h1:8+cGpRNkuPPAvffPxjxVs4LanG1oCTuhKSPkUduzSyA=
github.com/aws/aws-sdk-go-v2/service/cloudwatchlogs v1.23.4/go.mod h1:zyFjZwtIpuTl2dITdH6JQjcU+T/OTjlwcOT/7u+7fgw=
github.com/aws/aws-sdk-go-v2/service/codebuild v1.21.4 h1:t1LRnPUSZM7TUef4zN5Gygi8PFHESd6LZcNikaHsurM=
github.com/aws/aws-sdk-go-v2/service/codebuild v1.21.4/go.mod h1:avQXoF3uC+EyCeDIUXNMy8KUjIT/VFjWixUIzNJTg4I=
github.com/aws/aws-sdk-go-v2/service/internal/presigned-url v1.9.34 h1:JwvXk+1ePAD9xkFHprhHYqwsxLDcbNFsPI1IAT2sPS0=
github.com/aws/aws-sdk-go-v2/service/internal/presigned-url v1.9.34/go.mod h1:ytsF+t+FApY2lFnN51fJKPhH6ICKOPXKEcwwgmJEdWI=
github.com/aws/aws-sdk-go-v2/service/sso v1.13.4 h1:WZPZ7Zf6Yo13lsfTetFrLU/7hZ9CXESDpdIHvmLxQFQ=
github.com/aws/aws-sdk-go-v2/service/sso v1.13.4/go.mod h1:FP05hDXTLouXwAMQ1swqybHy7tHySblMkBMKSumaKg0=
github.com/aws/aws-sdk-go-v2/service/ssooidc v1.15.4 h1:pYFM2U/3/4RLrlMSYXwL1XPBCWvaePk2p+0+i/BgHOs=
github.com/aws/aws-sdk-go-v2/service/ssooidc v1.15.4/go.mod h1:4pdlNASc29u0j9bq2jIQcBghG5Lx2oQAIj91vo1u1t8=
github.com/aws/aws-sdk-go-v2/service/sts v1.21.4 h1:zj4jxK3L54tGyqKleKDMK4vHolENxlq11dF0v1oBkJo=
github.com/aws/aws-sdk-go-v2/service/sts v1.21.4/go.mod h1:CQRMCzYvl5eeAQW3AWkRLS+zGGXCucBnsiQlrs+tCeo=
github.com/aws/smithy-go v1.14.2 h1:MJU9hqBGbvWZdApzpvoF2WAIJDbtjK2NDJSiJP7HblQ=
github.com/aws/smithy-go v1.14.2/go.mod h1:Tg+OJXh4MB2R/uN61Ko2f6hTZwB/ZYGOtib8J3gBHzA=
github.com/cpuguy83/go-md2man/v2 v2.0.2/go.mod h1:tgQtvFlXSQOSOSIRvRPT7W67SCa46tRHOmNcaadrF8o=
github.com/creack/pty v1.1.9/go.mod h1:oKZEueFk5CKHvIhNR5MUki03XCEU+Q6VDXinZuGJ33E=
github.com/davecgh/go-spew v1.1.0/go.mod h1:J7Y8YcW2NihsgmVo/mv3lAwl/skON4iLHjSsI+c5H38=
github.com/fatih/color v1.15.0 h1:kOqh6YHBtK8aywxGerMG2Eq3H6Qgoqeo13Bk2Mv/nBs=
github.com/fatih/color v1.15.0/go.mod h1:0h5ZqXfHYED7Bhv2ZJamyIOUej9KtShiJESRwBDUSsw=
github.com/google/go-cmp v0.5.8/go.mod h1:17dUlkBOakJ0+DkrSSNjCkIjxS6bF9zb3elmeNGIjoY=
github.com/google/go-cmp v0.5.9 h1:O2Tfq5qg4qc4AmwVlvv0oLiVAGB7enBSJ2x2DqQFi38=
github.com/google/go-cmp v0.5.9/go.mod h1:17dUlkBOakJ0+DkrSSNjCkIjxS6bF9zb3elmeNGIjoY=
github.com/inconshreveable/mousetrap v1.1.0 h1:wN+x4NVGpMsO7ErUn/mUI3vEoE6Jt13X2s0bqwp9tc8=
github.com/inconshreveable/mousetrap v1.1.0/go.mod h1:vpF70FUmC8bwa3OWnCshd2FqLfsEA9PFc4w1p2J65bw=
github.com/jinzhu/copier v0.3.5 h1:GlvfUwHk62RokgqVNvYsku0TATCF7bAHVwEXoBh3iJg=
github.com/jinzhu/copier v0.3.5/go.mod h1:DfbEm0FYsaqBcKcFuvmOZb218JkPGtvSHsKg8S8hyyg=
github.com/jmespath/go-jmespath v0.4.0/go.mod h1:T8mJZnbsbmF+m6zOOFylbeCJqk5+pHWvzYPziyZiYoo=
github.com/jmespath/go-jmespath/internal/testify v1.5.1/go.mod h1:L3OGu8Wl2/fWfCI6z80xFu9LTZmf1ZRjMHUOPmWr69U=
github.com/kr/pretty v0.3.1 h1:flRD4NNwYAUpkphVc1HcthR4KEIFJ65n8Mw5qdRn3LE=
github.com/kr/pretty v0.3.1/go.mod h1:hoEshYVHaxMs3cyo3Yncou5ZscifuDolrwPKZanG3xk=
github.com/kr/text v0.2.0 h1:5Nx0Ya0ZqY2ygV366QzturHI13Jq95ApcVaJBhpS+AY=
github.com/kr/text v0.2.0/go.mod h1:eLer722TekiGuMkidMxC/pM04lWEeraHUUmBw8l2grE=
github.com/mattn/go-colorable v0.1.13 h1:fFA4WZxdEF4tXPZVKMLwD8oUnCTTo08duU7wxecdEvA=
github.com/mattn/go-colorable v0.1.13/go.mod h1:7S9/ev0klgBDR4GtXTXX8a3vIGJpMovkB8vQcUbaXHg=
github.com/mattn/go-isatty v0.0.16/go.mod h1:kYGgaQfpe5nmfYZH+SKPsOc2e4SrIfOl2e/yFXSvRLM=
github.com/mattn/go-isatty v0.0.17 h1:BTarxUcIeDqL27Mc+vyvdWYSL28zpIhv3RoTdsLMPng=
github.com/mattn/go-isatty v0.0.17/go.mod h1:kYGgaQfpe5nmfYZH+SKPsOc2e4SrIfOl2e/yFXSvRLM=
github.com/pkg/diff v0.0.0-20210226163009-20ebb0f2a09e/go.mod h1:pJLUxLENpZxwdsKMEsNbx1VGcRFpLqf3715MtcvvzbA=
github.com/pmezard/go-difflib v1.0.0/go.mod h1:iKH77koFhYxTK1pcRnkKkqfTogsbg7gZNVY4sRDYZ/4=
github.com/rogpeppe/go-internal v1.9.0 h1:73kH8U+JUqXU8lRuOHeVHaa/SZPifC7BkcraZVejAe8=
github.com/rogpeppe/go-internal v1.9.0/go.mod h1:WtVeX8xhTBvf0smdhujwtBcq4Qrzq/fJaraNFVN+nFs=
github.com/russross/blackfriday/v2 v2.1.0/go.mod h1:+Rmxgy9KzJVeS9/2gXHxylqXiyQDYRxCVz55jmeOWTM=
github.com/spf13/cobra v1.7.0 h1:hyqWnYt1ZQShIddO5kBpj3vu05/++x6tJ6dg8EC572I=
github.com/spf13/cobra v1.7.0/go.mod h1:uLxZILRyS/50WlhOIKD7W6V5bgeIt+4sICxh6uRMrb0=
github.com/spf13/pflag v1.0.5 h1:iy+VFUOCP1a+8yFto/drg2CJ5u0yRoB7fZw3DKv/JXA=
github.com/spf13/pflag v1.0.5/go.mod h1:McXfInJRrz4CZXVZOBLb0bTZqETkiAhM9Iw0y3An2Bg=
github.com/stretchr/objx v0.1.0/go.mod h1:HFkY916IF+rwdDfMAkV7OtwuqBVzrE8GR6GFx+wExME=
golang.org/x/sys v0.0.0-20220811171246-fbc7d0a398ab/go.mod h1:oPkhp1MJrh7nUepCBck5+mAzfO9JrbApNNgaTdGDITg=
golang.org/x/sys v0.6.0 h1:MVltZSvRTcU2ljQOhs94SXPftV6DCNnZViHeQps87pQ=
golang.org/x/sys v0.6.0/go.mod h1:oPkhp1MJrh7nUepCBck5+mAzfO9JrbApNNgaTdGDITg=
gopkg.in/check.v1 v0.0.0-20161208181325-20d25e280405/go.mod h1:Co6ibVJAznAaIkqp8huTwlJQCZ016jof/cbN4VW5Yz0=
gopkg.in/check.v1 v1.0.0-20180628173108-788fd7840127 h1:qIbj1fsPNlZgppZ+VLlY7N33q108Sa+fhmuc+sWQYwY=
gopkg.in/check.v1 v1.0.0-20180628173108-788fd7840127/go.mod h1:Co6ibVJAznAaIkqp8huTwlJQCZ016jof/cbN4VW5Yz0=
gopkg.in/yaml.v2 v2.2.8/go.mod h1:hI93XBmqTisBFMUTm0b8Fm+jr3Dg1NNxqwp+5A1VGuI=
gopkg.in/yaml.v3 v3.0.1 h1:fxVm/GzAzEWqLHuvctI91KS9hhNmmWOoWu0XTYJS7CA=
gopkg.in/yaml.v3 v3.0.1/go.mod h1:K4uyk7z7BCEPqu6E+C64Yfv1cQ7kz7rIZviUmN+EgEM=
